# This file was autogenerated by Stack.
# You should not edit this file by hand.
# For more information, please see the documentation at:
#   https://docs.haskellstack.org/en/stable/lock_files

packages:
- completed:
    size: 18164
    url: https://github.com/jecxjo/test-fixture/archive/5ed021570c8585792455a227da07538095a36108.tar.gz
    name: test-fixture
    version: 0.5.1.0
    sha256: de1f3dd19bbd96030bec22d9e63962dd9ec10ab8e3116d4984f95b27a51c8fbd
    pantry-tree:
      size: 1355
      sha256: b850fcca37026a9dcc95e5aecba999b41498d488e7b66da79c88c94c1dcab097
  original:
    url: https://github.com/jecxjo/test-fixture/archive/5ed021570c8585792455a227da07538095a36108.tar.gz
snapshots:
- completed:
    size: 533053
    url: https://raw.githubusercontent.com/commercialhaskell/stackage-snapshots/master/lts/16/29.yaml
    sha256: eb8ccc595466edefb9a679f19aec2e283d12f4c6ea5eefded1ebe8bd157d77d1
  original: lts-16.29
