# This file was autogenerated by Stack.
# You should not edit this file by hand.
# For more information, please see the documentation at:
#   https://docs.haskellstack.org/en/stable/lock_files

packages:
- completed:
    size: 18099
    url: https://github.com/jecxjo/test-fixture/archive/63446eabefc9211c4a4e7312ab138f7d310960f2.tar.gz
    name: test-fixture
    version: 0.5.1.0
    sha256: 27050681cb331b3bb18f75ede91c47600d6c28645cab0a13feaeb0a0ec0fa6c0
    pantry-tree:
      size: 1301
      sha256: 6bdfba8093e2c2f17f82445f29cf7a2c229f7eed6e1e43da8a341d5634c3354c
  original:
    url: https://github.com/jecxjo/test-fixture/archive/63446eabefc9211c4a4e7312ab138f7d310960f2.tar.gz
snapshots:
- completed:
    size: 534126
    url: https://raw.githubusercontent.com/commercialhaskell/stackage-snapshots/master/lts/16/31.yaml
    sha256: 637fb77049b25560622a224845b7acfe81a09fdb6a96a3c75997a10b651667f6
  original: lts-16.31
